
Microsoft Visual Studio Solution File, Format Version 12.00
# Visual Studio 15
VisualStudioVersion = 15.0.28010.2016
MinimumVisualStudioVersion = 10.0.40219.1
Project("{FAE04EC0-301F-11D3-BF4B-00C04F79EFBC}") = "Shree_Plus", "Shree_Plus\Shree_Plus.csproj", "{D8B7A349-19EA-4445-8FE7-B9569EE69ECA}"
EndProject
Project("{FAE04EC0-301F-11D3-BF4B-00C04F79EFBC}") = "Services", "Services\Services.csproj", "{C93929F2-AD83-47B1-B4FC-A9C9ACA8835E}"
EndProject
Project("{FAE04EC0-301F-11D3-BF4B-00C04F79EFBC}") = "DataRepository", "DataRepository\DataRepository.csproj", "{77952982-1EC7-4FBE-BF2B-BC918758E897}"
EndProject
Project("{FAE04EC0-301F-11D3-BF4B-00C04F79EFBC}") = "Data_Models", "Data_Models\Data_Models.csproj", "{CFF74AD2-8551-4292-A7CF-78AB6520FBAF}"
EndProject
Project("{FAE04EC0-301F-11D3-BF4B-00C04F79EFBC}") = "ServicesDataRespository", "ServicesDataRespository\ServicesDataRespository.csproj", "{C0B809D5-0A90-4D18-B79F-E5EF292A5834}"
EndProject
Global
	GlobalSection(SolutionConfigurationPlatforms) = preSolution
		Debug|Any CPU = Debug|Any CPU
		Release|Any CPU = Release|Any CPU
	EndGlobalSection
	GlobalSection(ProjectConfigurationPlatforms) = postSolution
		{D8B7A349-19EA-4445-8FE7-B9569EE69ECA}.Debug|Any CPU.ActiveCfg = Debug|Any CPU
		{D8B7A349-19EA-4445-8FE7-B9569EE69ECA}.Debug|Any CPU.Build.0 = Debug|Any CPU
		{D8B7A349-19EA-4445-8FE7-B9569EE69ECA}.Release|Any CPU.ActiveCfg = Release|Any CPU
		{D8B7A349-19EA-4445-8FE7-B9569EE69ECA}.Release|Any CPU.Build.0 = Release|Any CPU
		{C93929F2-AD83-47B1-B4FC-A9C9ACA8835E}.Debug|Any CPU.ActiveCfg = Debug|Any CPU
		{C93929F2-AD83-47B1-B4FC-A9C9ACA8835E}.Debug|Any CPU.Build.0 = Debug|Any CPU
		{C93929F2-AD83-47B1-B4FC-A9C9ACA8835E}.Release|Any CPU.ActiveCfg = Release|Any CPU
		{C93929F2-AD83-47B1-B4FC-A9C9ACA8835E}.Release|Any CPU.Build.0 = Release|Any CPU
		{77952982-1EC7-4FBE-BF2B-BC918758E897}.Debug|Any CPU.ActiveCfg = Debug|Any CPU
		{77952982-1EC7-4FBE-BF2B-BC918758E897}.Debug|Any CPU.Build.0 = Debug|Any CPU
		{77952982-1EC7-4FBE-BF2B-BC918758E897}.Release|Any CPU.ActiveCfg = Release|Any CPU
		{77952982-1EC7-4FBE-BF2B-BC918758E897}.Release|Any CPU.Build.0 = Release|Any CPU
		{CFF74AD2-8551-4292-A7CF-78AB6520FBAF}.Debug|Any CPU.ActiveCfg = Debug|Any CPU
		{CFF74AD2-8551-4292-A7CF-78AB6520FBAF}.Debug|Any CPU.Build.0 = Debug|Any CPU
		{CFF74AD2-8551-4292-A7CF-78AB6520FBAF}.Release|Any CPU.ActiveCfg = Release|Any CPU
		{CFF74AD2-8551-4292-A7CF-78AB6520FBAF}.Release|Any CPU.Build.0 = Release|Any CPU
		{C0B809D5-0A90-4D18-B79F-E5EF292A5834}.Debug|Any CPU.ActiveCfg = Debug|Any CPU
		{C0B809D5-0A90-4D18-B79F-E5EF292A5834}.Debug|Any CPU.Build.0 = Debug|Any CPU
		{C0B809D5-0A90-4D18-B79F-E5EF292A5834}.Release|Any CPU.ActiveCfg = Release|Any CPU
		{C0B809D5-0A90-4D18-B79F-E5EF292A5834}.Release|Any CPU.Build.0 = Release|Any CPU
	EndGlobalSection
	GlobalSection(SolutionProperties) = preSolution
		HideSolutionNode = FALSE
	EndGlobalSection
	GlobalSection(ExtensibilityGlobals) = postSolution
		SolutionGuid = {8C6663F6-E0E5-4E24-A550-1149AD619B9E}
	EndGlobalSection
EndGlobal
